// !$*UTF8*$!
{
	archiveVersion = 1;
	classes = {
	};
	objectVersion = 56;
	objects = {

/* Begin PBXBuildFile section */
		88250DB42A0D3439001C8CC6 /* KeyboardHandler.swift in Sources */ = {isa = PBXBuildFile; fileRef = 88250DB32A0D3439001C8CC6 /* KeyboardHandler.swift */; };
		88250DB62A0D37C8001C8CC6 /* CreateAccountView.swift in Sources */ = {isa = PBXBuildFile; fileRef = 88250DB52A0D37C8001C8CC6 /* CreateAccountView.swift */; };
		88250DB82A0D48A5001C8CC6 /* LogoutView.swift in Sources */ = {isa = PBXBuildFile; fileRef = 88250DB72A0D48A5001C8CC6 /* LogoutView.swift */; };
		88500DA82A04D0E000F311BD /* FirebaseAuth in Frameworks */ = {isa = PBXBuildFile; productRef = 88500DA72A04D0E000F311BD /* FirebaseAuth */; };
		88500DAA2A04D0E000F311BD /* FirebaseFirestore in Frameworks */ = {isa = PBXBuildFile; productRef = 88500DA92A04D0E000F311BD /* FirebaseFirestore */; };
		88500DAC2A04D0E000F311BD /* FirebaseFirestoreSwift in Frameworks */ = {isa = PBXBuildFile; productRef = 88500DAB2A04D0E000F311BD /* FirebaseFirestoreSwift */; };
		88500DB42A04D8EA00F311BD /* ProfileView.swift in Sources */ = {isa = PBXBuildFile; fileRef = 88500DB32A04D8EA00F311BD /* ProfileView.swift */; };
		88500DB62A04D90700F311BD /* ToDoListView.swift in Sources */ = {isa = PBXBuildFile; fileRef = 88500DB52A04D90700F311BD /* ToDoListView.swift */; };
		88500DB82A04D98200F311BD /* NewItemView.swift in Sources */ = {isa = PBXBuildFile; fileRef = 88500DB72A04D98200F311BD /* NewItemView.swift */; };
		88500DBA2A04D9C500F311BD /* LoginView.swift in Sources */ = {isa = PBXBuildFile; fileRef = 88500DB92A04D9C500F311BD /* LoginView.swift */; };
		88500DBE2A04DA0800F311BD /* RegisterView.swift in Sources */ = {isa = PBXBuildFile; fileRef = 88500DBD2A04DA0800F311BD /* RegisterView.swift */; };
		88500DC02A04DA7800F311BD /* ToDoListItemView.swift in Sources */ = {isa = PBXBuildFile; fileRef = 88500DBF2A04DA7800F311BD /* ToDoListItemView.swift */; };
		88500DC22A04DA9700F311BD /* User.swift in Sources */ = {isa = PBXBuildFile; fileRef = 88500DC12A04DA9700F311BD /* User.swift */; };
		88500DC42A04DAA500F311BD /* ToDoListItem.swift in Sources */ = {isa = PBXBuildFile; fileRef = 88500DC32A04DAA500F311BD /* ToDoListItem.swift */; };
		88500DC62A04DAD600F311BD /* MainViewViewModel.swift in Sources */ = {isa = PBXBuildFile; fileRef = 88500DC52A04DAD600F311BD /* MainViewViewModel.swift */; };
		88500DC82A04DAF700F311BD /* ProfileViewViewModel.swift in Sources */ = {isa = PBXBuildFile; fileRef = 88500DC72A04DAF700F311BD /* ProfileViewViewModel.swift */; };
		88500DCA2A04DB2D00F311BD /* ToDoListViewViewModel.swift in Sources */ = {isa = PBXBuildFile; fileRef = 88500DC92A04DB2D00F311BD /* ToDoListViewViewModel.swift */; };
		88500DCC2A04DB4E00F311BD /* NewItemViewViewModel.swift in Sources */ = {isa = PBXBuildFile; fileRef = 88500DCB2A04DB4E00F311BD /* NewItemViewViewModel.swift */; };
		88500DCE2A04DB5D00F311BD /* LoginViewViewModel.swift in Sources */ = {isa = PBXBuildFile; fileRef = 88500DCD2A04DB5D00F311BD /* LoginViewViewModel.swift */; };
		88500DD02A04DB7300F311BD /* RegisterViewViewModel.swift in Sources */ = {isa = PBXBuildFile; fileRef = 88500DCF2A04DB7300F311BD /* RegisterViewViewModel.swift */; };
		88500DD22A04DBA700F311BD /* ToDoListItemViewViewModel.swift in Sources */ = {isa = PBXBuildFile; fileRef = 88500DD12A04DBA700F311BD /* ToDoListItemViewViewModel.swift */; };
		88500DD42A04E57100F311BD /* HeaderView.swift in Sources */ = {isa = PBXBuildFile; fileRef = 88500DD32A04E57100F311BD /* HeaderView.swift */; };
		88500DD82A04F65C00F311BD /* TLButton.swift in Sources */ = {isa = PBXBuildFile; fileRef = 88500DD72A04F65C00F311BD /* TLButton.swift */; };
		88B236292A03DB2C003ADCFE /* ToDoListApp.swift in Sources */ = {isa = PBXBuildFile; fileRef = 88B236282A03DB2C003ADCFE /* ToDoListApp.swift */; };
		88B2362B2A03DB2C003ADCFE /* MainView.swift in Sources */ = {isa = PBXBuildFile; fileRef = 88B2362A2A03DB2C003ADCFE /* MainView.swift */; };
		88B2362D2A03DB2E003ADCFE /* Assets.xcassets in Resources */ = {isa = PBXBuildFile; fileRef = 88B2362C2A03DB2E003ADCFE /* Assets.xcassets */; };
		88B236302A03DB2E003ADCFE /* Preview Assets.xcassets in Resources */ = {isa = PBXBuildFile; fileRef = 88B2362F2A03DB2E003ADCFE /* Preview Assets.xcassets */; };
		88B2363A2A03DB2F003ADCFE /* ToDoListTests.swift in Sources */ = {isa = PBXBuildFile; fileRef = 88B236392A03DB2F003ADCFE /* ToDoListTests.swift */; };
		88B236442A03DB2F003ADCFE /* ToDoListUITests.swift in Sources */ = {isa = PBXBuildFile; fileRef = 88B236432A03DB2F003ADCFE /* ToDoListUITests.swift */; };
		88B236462A03DB2F003ADCFE /* ToDoListUITestsLaunchTests.swift in Sources */ = {isa = PBXBuildFile; fileRef = 88B236452A03DB2F003ADCFE /* ToDoListUITestsLaunchTests.swift */; };
		88B236532A03DF54003ADCFE /* GoogleService-Info.plist in Resources */ = {isa = PBXBuildFile; fileRef = 88B236522A03DF54003ADCFE /* GoogleService-Info.plist */; };
		88BB50FD2A0785380086969E /* LoginViewViewModelTests.swift in Sources */ = {isa = PBXBuildFile; fileRef = 88BB50FC2A0785380086969E /* LoginViewViewModelTests.swift */; };
		88BB51062A07980F0086969E /* String+Ext.swift in Sources */ = {isa = PBXBuildFile; fileRef = 88BB51052A07980F0086969E /* String+Ext.swift */; };
		88BB510A2A0799500086969E /* AppConstants.swift in Sources */ = {isa = PBXBuildFile; fileRef = 88BB51092A0799500086969E /* AppConstants.swift */; };
		88BB510C2A079DC00086969E /* Encodable+Ext.swift in Sources */ = {isa = PBXBuildFile; fileRef = 88BB510B2A079DC00086969E /* Encodable+Ext.swift */; };
		88FBFCEA2A0BC38600735A3F /* FirebaseAuth in Frameworks */ = {isa = PBXBuildFile; productRef = 88FBFCE92A0BC38600735A3F /* FirebaseAuth */; };
		88FBFCEC2A0BC38600735A3F /* FirebaseFirestore in Frameworks */ = {isa = PBXBuildFile; productRef = 88FBFCEB2A0BC38600735A3F /* FirebaseFirestore */; };
		88FBFCEE2A0BC38600735A3F /* FirebaseFirestoreSwift in Frameworks */ = {isa = PBXBuildFile; productRef = 88FBFCED2A0BC38600735A3F /* FirebaseFirestoreSwift */; };
/* End PBXBuildFile section */

/* Begin PBXContainerItemProxy section */
		88B236362A03DB2F003ADCFE /* PBXContainerItemProxy */ = {
			isa = PBXContainerItemProxy;
			containerPortal = 88B2361D2A03DB2C003ADCFE /* Project object */;
			proxyType = 1;
			remoteGlobalIDString = 88B236242A03DB2C003ADCFE;
			remoteInfo = ToDoList;
		};
		88B236402A03DB2F003ADCFE /* PBXContainerItemProxy */ = {
			isa = PBXContainerItemProxy;
			containerPortal = 88B2361D2A03DB2C003ADCFE /* Project object */;
			proxyType = 1;
			remoteGlobalIDString = 88B236242A03DB2C003ADCFE;
			remoteInfo = ToDoList;
		};
/* End PBXContainerItemProxy section */

/* Begin PBXFileReference section */
		88250DB32A0D3439001C8CC6 /* KeyboardHandler.swift */ = {isa = PBXFileReference; lastKnownFileType = sourcecode.swift; path = KeyboardHandler.swift; sourceTree = "<group>"; };
		88250DB52A0D37C8001C8CC6 /* CreateAccountView.swift */ = {isa = PBXFileReference; lastKnownFileType = sourcecode.swift; path = CreateAccountView.swift; sourceTree = "<group>"; };
		88250DB72A0D48A5001C8CC6 /* LogoutView.swift */ = {isa = PBXFileReference; lastKnownFileType = sourcecode.swift; path = LogoutView.swift; sourceTree = "<group>"; };
		88500DB32A04D8EA00F311BD /* ProfileView.swift */ = {isa = PBXFileReference; lastKnownFileType = sourcecode.swift; path = ProfileView.swift; sourceTree = "<group>"; };
		88500DB52A04D90700F311BD /* ToDoListView.swift */ = {isa = PBXFileReference; lastKnownFileType = sourcecode.swift; path = ToDoListView.swift; sourceTree = "<group>"; };
		88500DB72A04D98200F311BD /* NewItemView.swift */ = {isa = PBXFileReference; lastKnownFileType = sourcecode.swift; path = NewItemView.swift; sourceTree = "<group>"; };
		88500DB92A04D9C500F311BD /* LoginView.swift */ = {isa = PBXFileReference; lastKnownFileType = sourcecode.swift; path = LoginView.swift; sourceTree = "<group>"; };
		88500DBD2A04DA0800F311BD /* RegisterView.swift */ = {isa = PBXFileReference; lastKnownFileType = sourcecode.swift; path = RegisterView.swift; sourceTree = "<group>"; };
		88500DBF2A04DA7800F311BD /* ToDoListItemView.swift */ = {isa = PBXFileReference; lastKnownFileType = sourcecode.swift; path = ToDoListItemView.swift; sourceTree = "<group>"; };
		88500DC12A04DA9700F311BD /* User.swift */ = {isa = PBXFileReference; lastKnownFileType = sourcecode.swift; path = User.swift; sourceTree = "<group>"; };
		88500DC32A04DAA500F311BD /* ToDoListItem.swift */ = {isa = PBXFileReference; lastKnownFileType = sourcecode.swift; path = ToDoListItem.swift; sourceTree = "<group>"; };
		88500DC52A04DAD600F311BD /* MainViewViewModel.swift */ = {isa = PBXFileReference; lastKnownFileType = sourcecode.swift; path = MainViewViewModel.swift; sourceTree = "<group>"; };
		88500DC72A04DAF700F311BD /* ProfileViewViewModel.swift */ = {isa = PBXFileReference; lastKnownFileType = sourcecode.swift; path = ProfileViewViewModel.swift; sourceTree = "<group>"; };
		88500DC92A04DB2D00F311BD /* ToDoListViewViewModel.swift */ = {isa = PBXFileReference; lastKnownFileType = sourcecode.swift; path = ToDoListViewViewModel.swift; sourceTree = "<group>"; };
		88500DCB2A04DB4E00F311BD /* NewItemViewViewModel.swift */ = {isa = PBXFileReference; lastKnownFileType = sourcecode.swift; path = NewItemViewViewModel.swift; sourceTree = "<group>"; };
		88500DCD2A04DB5D00F311BD /* LoginViewViewModel.swift */ = {isa = PBXFileReference; lastKnownFileType = sourcecode.swift; path = LoginViewViewModel.swift; sourceTree = "<group>"; };
		88500DCF2A04DB7300F311BD /* RegisterViewViewModel.swift */ = {isa = PBXFileReference; lastKnownFileType = sourcecode.swift; path = RegisterViewViewModel.swift; sourceTree = "<group>"; };
		88500DD12A04DBA700F311BD /* ToDoListItemViewViewModel.swift */ = {isa = PBXFileReference; lastKnownFileType = sourcecode.swift; path = ToDoListItemViewViewModel.swift; sourceTree = "<group>"; };
		88500DD32A04E57100F311BD /* HeaderView.swift */ = {isa = PBXFileReference; lastKnownFileType = sourcecode.swift; path = HeaderView.swift; sourceTree = "<group>"; };
		88500DD72A04F65C00F311BD /* TLButton.swift */ = {isa = PBXFileReference; lastKnownFileType = sourcecode.swift; path = TLButton.swift; sourceTree = "<group>"; };
		88B236252A03DB2C003ADCFE /* ToDoList.app */ = {isa = PBXFileReference; explicitFileType = wrapper.application; includeInIndex = 0; path = ToDoList.app; sourceTree = BUILT_PRODUCTS_DIR; };
		88B236282A03DB2C003ADCFE /* ToDoListApp.swift */ = {isa = PBXFileReference; lastKnownFileType = sourcecode.swift; path = ToDoListApp.swift; sourceTree = "<group>"; };
		88B2362A2A03DB2C003ADCFE /* MainView.swift */ = {isa = PBXFileReference; lastKnownFileType = sourcecode.swift; path = MainView.swift; sourceTree = "<group>"; };
		88B2362C2A03DB2E003ADCFE /* Assets.xcassets */ = {isa = PBXFileReference; lastKnownFileType = folder.assetcatalog; path = Assets.xcassets; sourceTree = "<group>"; };
		88B2362F2A03DB2E003ADCFE /* Preview Assets.xcassets */ = {isa = PBXFileReference; lastKnownFileType = folder.assetcatalog; path = "Preview Assets.xcassets"; sourceTree = "<group>"; };
		88B236352A03DB2F003ADCFE /* ToDoListTests.xctest */ = {isa = PBXFileReference; explicitFileType = wrapper.cfbundle; includeInIndex = 0; path = ToDoListTests.xctest; sourceTree = BUILT_PRODUCTS_DIR; };
		88B236392A03DB2F003ADCFE /* ToDoListTests.swift */ = {isa = PBXFileReference; lastKnownFileType = sourcecode.swift; path = ToDoListTests.swift; sourceTree = "<group>"; };
		88B2363F2A03DB2F003ADCFE /* ToDoListUITests.xctest */ = {isa = PBXFileReference; explicitFileType = wrapper.cfbundle; includeInIndex = 0; path = ToDoListUITests.xctest; sourceTree = BUILT_PRODUCTS_DIR; };
		88B236432A03DB2F003ADCFE /* ToDoListUITests.swift */ = {isa = PBXFileReference; lastKnownFileType = sourcecode.swift; path = ToDoListUITests.swift; sourceTree = "<group>"; };
		88B236452A03DB2F003ADCFE /* ToDoListUITestsLaunchTests.swift */ = {isa = PBXFileReference; lastKnownFileType = sourcecode.swift; path = ToDoListUITestsLaunchTests.swift; sourceTree = "<group>"; };
		88B236522A03DF54003ADCFE /* GoogleService-Info.plist */ = {isa = PBXFileReference; fileEncoding = 4; lastKnownFileType = text.plist.xml; path = "GoogleService-Info.plist"; sourceTree = "<group>"; };
		88BB50FC2A0785380086969E /* LoginViewViewModelTests.swift */ = {isa = PBXFileReference; lastKnownFileType = sourcecode.swift; path = LoginViewViewModelTests.swift; sourceTree = "<group>"; };
		88BB51052A07980F0086969E /* String+Ext.swift */ = {isa = PBXFileReference; lastKnownFileType = sourcecode.swift; path = "String+Ext.swift"; sourceTree = "<group>"; };
		88BB51092A0799500086969E /* AppConstants.swift */ = {isa = PBXFileReference; lastKnownFileType = sourcecode.swift; path = AppConstants.swift; sourceTree = "<group>"; };
		88BB510B2A079DC00086969E /* Encodable+Ext.swift */ = {isa = PBXFileReference; lastKnownFileType = sourcecode.swift; path = "Encodable+Ext.swift"; sourceTree = "<group>"; };
/* End PBXFileReference section */

/* Begin PBXFrameworksBuildPhase section */
		88B236222A03DB2C003ADCFE /* Frameworks */ = {
			isa = PBXFrameworksBuildPhase;
			buildActionMask = 2147483647;
			files = (
				88500DA82A04D0E000F311BD /* FirebaseAuth in Frameworks */,
				88500DAA2A04D0E000F311BD /* FirebaseFirestore in Frameworks */,
				88500DAC2A04D0E000F311BD /* FirebaseFirestoreSwift in Frameworks */,
			);
			runOnlyForDeploymentPostprocessing = 0;
		};
		88B236322A03DB2F003ADCFE /* Frameworks */ = {
			isa = PBXFrameworksBuildPhase;
			buildActionMask = 2147483647;
			files = (
				88FBFCEA2A0BC38600735A3F /* FirebaseAuth in Frameworks */,
				88FBFCEC2A0BC38600735A3F /* FirebaseFirestore in Frameworks */,
				88FBFCEE2A0BC38600735A3F /* FirebaseFirestoreSwift in Frameworks */,
			);
			runOnlyForDeploymentPostprocessing = 0;
		};
		88B2363C2A03DB2F003ADCFE /* Frameworks */ = {
			isa = PBXFrameworksBuildPhase;
			buildActionMask = 2147483647;
			files = (
			);
			runOnlyForDeploymentPostprocessing = 0;
		};
/* End PBXFrameworksBuildPhase section */

/* Begin PBXGroup section */
		88250DB22A0D3424001C8CC6 /* Common */ = {
			isa = PBXGroup;
			children = (
				88250DB32A0D3439001C8CC6 /* KeyboardHandler.swift */,
			);
			path = Common;
			sourceTree = "<group>";
		};
		88500DAF2A04D76200F311BD /* Views */ = {
			isa = PBXGroup;
			children = (
				88B2362A2A03DB2C003ADCFE /* MainView.swift */,
				88500DB32A04D8EA00F311BD /* ProfileView.swift */,
				88500DB52A04D90700F311BD /* ToDoListView.swift */,
				88500DBF2A04DA7800F311BD /* ToDoListItemView.swift */,
				88500DB72A04D98200F311BD /* NewItemView.swift */,
				88500DB92A04D9C500F311BD /* LoginView.swift */,
				88500DBD2A04DA0800F311BD /* RegisterView.swift */,
				88500DD32A04E57100F311BD /* HeaderView.swift */,
				88500DD72A04F65C00F311BD /* TLButton.swift */,
				88250DB52A0D37C8001C8CC6 /* CreateAccountView.swift */,
				88250DB72A0D48A5001C8CC6 /* LogoutView.swift */,
			);
			path = Views;
			sourceTree = "<group>";
		};
		88500DB02A04D76B00F311BD /* ViewModels */ = {
			isa = PBXGroup;
			children = (
				88500DC52A04DAD600F311BD /* MainViewViewModel.swift */,
				88500DC72A04DAF700F311BD /* ProfileViewViewModel.swift */,
				88500DC92A04DB2D00F311BD /* ToDoListViewViewModel.swift */,
				88500DD12A04DBA700F311BD /* ToDoListItemViewViewModel.swift */,
				88500DCB2A04DB4E00F311BD /* NewItemViewViewModel.swift */,
				88500DCD2A04DB5D00F311BD /* LoginViewViewModel.swift */,
				88500DCF2A04DB7300F311BD /* RegisterViewViewModel.swift */,
			);
			path = ViewModels;
			sourceTree = "<group>";
		};
		88500DB12A04D79300F311BD /* Models */ = {
			isa = PBXGroup;
			children = (
				88500DC12A04DA9700F311BD /* User.swift */,
				88500DC32A04DAA500F311BD /* ToDoListItem.swift */,
			);
			path = Models;
			sourceTree = "<group>";
		};
		88500DB22A04D7B500F311BD /* Other */ = {
			isa = PBXGroup;
			children = (
				88B2362C2A03DB2E003ADCFE /* Assets.xcassets */,
				88B236282A03DB2C003ADCFE /* ToDoListApp.swift */,
				88B236522A03DF54003ADCFE /* GoogleService-Info.plist */,
			);
			path = Other;
			sourceTree = "<group>";
		};
		88B2361C2A03DB2C003ADCFE = {
			isa = PBXGroup;
			children = (
				88B236272A03DB2C003ADCFE /* ToDoList */,
				88B236382A03DB2F003ADCFE /* ToDoListTests */,
				88B236422A03DB2F003ADCFE /* ToDoListUITests */,
				88B236262A03DB2C003ADCFE /* Products */,
				88FBFCE82A0BC38600735A3F /* Frameworks */,
			);
			sourceTree = "<group>";
		};
		88B236262A03DB2C003ADCFE /* Products */ = {
			isa = PBXGroup;
			children = (
				88B236252A03DB2C003ADCFE /* ToDoList.app */,
				88B236352A03DB2F003ADCFE /* ToDoListTests.xctest */,
				88B2363F2A03DB2F003ADCFE /* ToDoListUITests.xctest */,
			);
			name = Products;
			sourceTree = "<group>";
		};
		88B236272A03DB2C003ADCFE /* ToDoList */ = {
			isa = PBXGroup;
			children = (
				88250DB22A0D3424001C8CC6 /* Common */,
				88BB51072A0799200086969E /* Constants */,
				88BB51042A0797F20086969E /* Extensions */,
				88500DB22A04D7B500F311BD /* Other */,
				88500DB12A04D79300F311BD /* Models */,
				88500DB02A04D76B00F311BD /* ViewModels */,
				88500DAF2A04D76200F311BD /* Views */,
				88B2362E2A03DB2E003ADCFE /* Preview Content */,
			);
			path = ToDoList;
			sourceTree = "<group>";
		};
		88B2362E2A03DB2E003ADCFE /* Preview Content */ = {
			isa = PBXGroup;
			children = (
				88B2362F2A03DB2E003ADCFE /* Preview Assets.xcassets */,
			);
			path = "Preview Content";
			sourceTree = "<group>";
		};
		88B236382A03DB2F003ADCFE /* ToDoListTests */ = {
			isa = PBXGroup;
			children = (
				88B236392A03DB2F003ADCFE /* ToDoListTests.swift */,
				88BB50FC2A0785380086969E /* LoginViewViewModelTests.swift */,
			);
			path = ToDoListTests;
			sourceTree = "<group>";
		};
		88B236422A03DB2F003ADCFE /* ToDoListUITests */ = {
			isa = PBXGroup;
			children = (
				88B236432A03DB2F003ADCFE /* ToDoListUITests.swift */,
				88B236452A03DB2F003ADCFE /* ToDoListUITestsLaunchTests.swift */,
			);
			path = ToDoListUITests;
			sourceTree = "<group>";
		};
		88BB51042A0797F20086969E /* Extensions */ = {
			isa = PBXGroup;
			children = (
				88BB51052A07980F0086969E /* String+Ext.swift */,
				88BB510B2A079DC00086969E /* Encodable+Ext.swift */,
			);
			path = Extensions;
			sourceTree = "<group>";
		};
		88BB51072A0799200086969E /* Constants */ = {
			isa = PBXGroup;
			children = (
				88BB51092A0799500086969E /* AppConstants.swift */,
			);
			path = Constants;
			sourceTree = "<group>";
		};
		88FBFCE82A0BC38600735A3F /* Frameworks */ = {
			isa = PBXGroup;
			children = (
			);
			name = Frameworks;
			sourceTree = "<group>";
		};
/* End PBXGroup section */

/* Begin PBXNativeTarget section */
		88B236242A03DB2C003ADCFE /* ToDoList */ = {
			isa = PBXNativeTarget;
			buildConfigurationList = 88B236492A03DB2F003ADCFE /* Build configuration list for PBXNativeTarget "ToDoList" */;
			buildPhases = (
				88B236212A03DB2C003ADCFE /* Sources */,
				88B236222A03DB2C003ADCFE /* Frameworks */,
				88B236232A03DB2C003ADCFE /* Resources */,
			);
			buildRules = (
			);
			dependencies = (
			);
			name = ToDoList;
			packageProductDependencies = (
				88500DA72A04D0E000F311BD /* FirebaseAuth */,
				88500DA92A04D0E000F311BD /* FirebaseFirestore */,
				88500DAB2A04D0E000F311BD /* FirebaseFirestoreSwift */,
			);
			productName = ToDoList;
			productReference = 88B236252A03DB2C003ADCFE /* ToDoList.app */;
			productType = "com.apple.product-type.application";
		};
		88B236342A03DB2F003ADCFE /* ToDoListTests */ = {
			isa = PBXNativeTarget;
			buildConfigurationList = 88B2364C2A03DB2F003ADCFE /* Build configuration list for PBXNativeTarget "ToDoListTests" */;
			buildPhases = (
				88B236312A03DB2F003ADCFE /* Sources */,
				88B236322A03DB2F003ADCFE /* Frameworks */,
				88B236332A03DB2F003ADCFE /* Resources */,
			);
			buildRules = (
			);
			dependencies = (
				88B236372A03DB2F003ADCFE /* PBXTargetDependency */,
				88BB50FF2A0791880086969E /* PBXTargetDependency */,
				88BB51012A0791880086969E /* PBXTargetDependency */,
				88BB51032A0791880086969E /* PBXTargetDependency */,
			);
			name = ToDoListTests;
			packageProductDependencies = (
				88FBFCE92A0BC38600735A3F /* FirebaseAuth */,
				88FBFCEB2A0BC38600735A3F /* FirebaseFirestore */,
				88FBFCED2A0BC38600735A3F /* FirebaseFirestoreSwift */,
			);
			productName = ToDoListTests;
			productReference = 88B236352A03DB2F003ADCFE /* ToDoListTests.xctest */;
			productType = "com.apple.product-type.bundle.unit-test";
		};
		88B2363E2A03DB2F003ADCFE /* ToDoListUITests */ = {
			isa = PBXNativeTarget;
			buildConfigurationList = 88B2364F2A03DB2F003ADCFE /* Build configuration list for PBXNativeTarget "ToDoListUITests" */;
			buildPhases = (
				88B2363B2A03DB2F003ADCFE /* Sources */,
				88B2363C2A03DB2F003ADCFE /* Frameworks */,
				88B2363D2A03DB2F003ADCFE /* Resources */,
			);
			buildRules = (
			);
			dependencies = (
				88B236412A03DB2F003ADCFE /* PBXTargetDependency */,
			);
			name = ToDoListUITests;
			productName = ToDoListUITests;
			productReference = 88B2363F2A03DB2F003ADCFE /* ToDoListUITests.xctest */;
			productType = "com.apple.product-type.bundle.ui-testing";
		};
/* End PBXNativeTarget section */

/* Begin PBXProject section */
		88B2361D2A03DB2C003ADCFE /* Project object */ = {
			isa = PBXProject;
			attributes = {
				BuildIndependentTargetsInParallel = 1;
				LastSwiftUpdateCheck = 1420;
				LastUpgradeCheck = 1420;
				TargetAttributes = {
					88B236242A03DB2C003ADCFE = {
						CreatedOnToolsVersion = 14.2;
					};
					88B236342A03DB2F003ADCFE = {
						CreatedOnToolsVersion = 14.2;
						TestTargetID = 88B236242A03DB2C003ADCFE;
					};
					88B2363E2A03DB2F003ADCFE = {
						CreatedOnToolsVersion = 14.2;
						TestTargetID = 88B236242A03DB2C003ADCFE;
					};
				};
			};
			buildConfigurationList = 88B236202A03DB2C003ADCFE /* Build configuration list for PBXProject "ToDoList" */;
			compatibilityVersion = "Xcode 14.0";
			developmentRegion = en;
			hasScannedForEncodings = 0;
			knownRegions = (
				en,
				Base,
			);
			mainGroup = 88B2361C2A03DB2C003ADCFE;
			packageReferences = (
				88500DA62A04D0E000F311BD /* XCRemoteSwiftPackageReference "firebase-ios-sdk" */,
			);
			productRefGroup = 88B236262A03DB2C003ADCFE /* Products */;
			projectDirPath = "";
			projectRoot = "";
			targets = (
				88B236242A03DB2C003ADCFE /* ToDoList */,
				88B236342A03DB2F003ADCFE /* ToDoListTests */,
				88B2363E2A03DB2F003ADCFE /* ToDoListUITests */,
			);
		};
/* End PBXProject section */

/* Begin PBXResourcesBuildPhase section */
		88B236232A03DB2C003ADCFE /* Resources */ = {
			isa = PBXResourcesBuildPhase;
			buildActionMask = 2147483647;
			files = (
				88B236302A03DB2E003ADCFE /* Preview Assets.xcassets in Resources */,
				88B2362D2A03DB2E003ADCFE /* Assets.xcassets in Resources */,
				88B236532A03DF54003ADCFE /* GoogleService-Info.plist in Resources */,
			);
			runOnlyForDeploymentPostprocessing = 0;
		};
		88B236332A03DB2F003ADCFE /* Resources */ = {
			isa = PBXResourcesBuildPhase;
			buildActionMask = 2147483647;
			files = (
			);
			runOnlyForDeploymentPostprocessing = 0;
		};
		88B2363D2A03DB2F003ADCFE /* Resources */ = {
			isa = PBXResourcesBuildPhase;
			buildActionMask = 2147483647;
			files = (
			);
			runOnlyForDeploymentPostprocessing = 0;
		};
/* End PBXResourcesBuildPhase section */

/* Begin PBXSourcesBuildPhase section */
		88B236212A03DB2C003ADCFE /* Sources */ = {
			isa = PBXSourcesBuildPhase;
			buildActionMask = 2147483647;
			files = (
				88500DBA2A04D9C500F311BD /* LoginView.swift in Sources */,
				88500DD42A04E57100F311BD /* HeaderView.swift in Sources */,
				88B2362B2A03DB2C003ADCFE /* MainView.swift in Sources */,
				88250DB42A0D3439001C8CC6 /* KeyboardHandler.swift in Sources */,
				88BB510C2A079DC00086969E /* Encodable+Ext.swift in Sources */,
				88500DD02A04DB7300F311BD /* RegisterViewViewModel.swift in Sources */,
				88BB510A2A0799500086969E /* AppConstants.swift in Sources */,
				88250DB82A0D48A5001C8CC6 /* LogoutView.swift in Sources */,
				88500DC62A04DAD600F311BD /* MainViewViewModel.swift in Sources */,
				88500DB42A04D8EA00F311BD /* ProfileView.swift in Sources */,
				88500DBE2A04DA0800F311BD /* RegisterView.swift in Sources */,
				88500DD82A04F65C00F311BD /* TLButton.swift in Sources */,
				88500DC82A04DAF700F311BD /* ProfileViewViewModel.swift in Sources */,
				88500DB62A04D90700F311BD /* ToDoListView.swift in Sources */,
				88250DB62A0D37C8001C8CC6 /* CreateAccountView.swift in Sources */,
				88500DC22A04DA9700F311BD /* User.swift in Sources */,
				88500DD22A04DBA700F311BD /* ToDoListItemViewViewModel.swift in Sources */,
				88500DC02A04DA7800F311BD /* ToDoListItemView.swift in Sources */,
				88500DCA2A04DB2D00F311BD /* ToDoListViewViewModel.swift in Sources */,
				88500DCE2A04DB5D00F311BD /* LoginViewViewModel.swift in Sources */,
				88B236292A03DB2C003ADCFE /* ToDoListApp.swift in Sources */,
				88500DC42A04DAA500F311BD /* ToDoListItem.swift in Sources */,
				88500DB82A04D98200F311BD /* NewItemView.swift in Sources */,
				88BB51062A07980F0086969E /* String+Ext.swift in Sources */,
				88500DCC2A04DB4E00F311BD /* NewItemViewViewModel.swift in Sources */,
			);
			runOnlyForDeploymentPostprocessing = 0;
		};
		88B236312A03DB2F003ADCFE /* Sources */ = {
			isa = PBXSourcesBuildPhase;
			buildActionMask = 2147483647;
			files = (
				88B2363A2A03DB2F003ADCFE /* ToDoListTests.swift in Sources */,
				88BB50FD2A0785380086969E /* LoginViewViewModelTests.swift in Sources */,
			);
			runOnlyForDeploymentPostprocessing = 0;
		};
		88B2363B2A03DB2F003ADCFE /* Sources */ = {
			isa = PBXSourcesBuildPhase;
			buildActionMask = 2147483647;
			files = (
				88B236462A03DB2F003ADCFE /* ToDoListUITestsLaunchTests.swift in Sources */,
				88B236442A03DB2F003ADCFE /* ToDoListUITests.swift in Sources */,
			);
			runOnlyForDeploymentPostprocessing = 0;
		};
/* End PBXSourcesBuildPhase section */

/* Begin PBXTargetDependency section */
		88B236372A03DB2F003ADCFE /* PBXTargetDependency */ = {
			isa = PBXTargetDependency;
			target = 88B236242A03DB2C003ADCFE /* ToDoList */;
			targetProxy = 88B236362A03DB2F003ADCFE /* PBXContainerItemProxy */;
		};
		88B236412A03DB2F003ADCFE /* PBXTargetDependency */ = {
			isa = PBXTargetDependency;
			target = 88B236242A03DB2C003ADCFE /* ToDoList */;
			targetProxy = 88B236402A03DB2F003ADCFE /* PBXContainerItemProxy */;
		};
		88BB50FF2A0791880086969E /* PBXTargetDependency */ = {
			isa = PBXTargetDependency;
			productRef = 88BB50FE2A0791880086969E /* FirebaseAuth */;
		};
		88BB51012A0791880086969E /* PBXTargetDependency */ = {
			isa = PBXTargetDependency;
			productRef = 88BB51002A0791880086969E /* FirebaseFirestore */;
		};
		88BB51032A0791880086969E /* PBXTargetDependency */ = {
			isa = PBXTargetDependency;
			productRef = 88BB51022A0791880086969E /* FirebaseFirestoreSwift */;
		};
/* End PBXTargetDependency section */

/* Begin XCBuildConfiguration section */
		88B236472A03DB2F003ADCFE /* Debug */ = {
			isa = XCBuildConfiguration;
			buildSettings = {
				ALWAYS_SEARCH_USER_PATHS = NO;
				CLANG_ANALYZER_NONNULL = YES;
				CLANG_ANALYZER_NUMBER_OBJECT_CONVERSION = YES_AGGRESSIVE;
				CLANG_CXX_LANGUAGE_STANDARD = "gnu++20";
				CLANG_ENABLE_MODULES = YES;
				CLANG_ENABLE_OBJC_ARC = YES;
				CLANG_ENABLE_OBJC_WEAK = YES;
				CLANG_WARN_BLOCK_CAPTURE_AUTORELEASING = YES;
				CLANG_WARN_BOOL_CONVERSION = YES;
				CLANG_WARN_COMMA = YES;
				CLANG_WARN_CONSTANT_CONVERSION = YES;
				CLANG_WARN_DEPRECATED_OBJC_IMPLEMENTATIONS = YES;
				CLANG_WARN_DIRECT_OBJC_ISA_USAGE = YES_ERROR;
				CLANG_WARN_DOCUMENTATION_COMMENTS = YES;
				CLANG_WARN_EMPTY_BODY = YES;
				CLANG_WARN_ENUM_CONVERSION = YES;
				CLANG_WARN_INFINITE_RECURSION = YES;
				CLANG_WARN_INT_CONVERSION = YES;
				CLANG_WARN_NON_LITERAL_NULL_CONVERSION = YES;
				CLANG_WARN_OBJC_IMPLICIT_RETAIN_SELF = YES;
				CLANG_WARN_OBJC_LITERAL_CONVERSION = YES;
				CLANG_WARN_OBJC_ROOT_CLASS = YES_ERROR;
				CLANG_WARN_QUOTED_INCLUDE_IN_FRAMEWORK_HEADER = YES;
				CLANG_WARN_RANGE_LOOP_ANALYSIS = YES;
				CLANG_WARN_STRICT_PROTOTYPES = YES;
				CLANG_WARN_SUSPICIOUS_MOVE = YES;
				CLANG_WARN_UNGUARDED_AVAILABILITY = YES_AGGRESSIVE;
				CLANG_WARN_UNREACHABLE_CODE = YES;
				CLANG_WARN__DUPLICATE_METHOD_MATCH = YES;
				COPY_PHASE_STRIP = NO;
				DEBUG_INFORMATION_FORMAT = dwarf;
				ENABLE_STRICT_OBJC_MSGSEND = YES;
				ENABLE_TESTABILITY = YES;
				GCC_C_LANGUAGE_STANDARD = gnu11;
				GCC_DYNAMIC_NO_PIC = NO;
				GCC_NO_COMMON_BLOCKS = YES;
				GCC_OPTIMIZATION_LEVEL = 0;
				GCC_PREPROCESSOR_DEFINITIONS = (
					"DEBUG=1",
					"$(inherited)",
				);
				GCC_WARN_64_TO_32_BIT_CONVERSION = YES;
				GCC_WARN_ABOUT_RETURN_TYPE = YES_ERROR;
				GCC_WARN_UNDECLARED_SELECTOR = YES;
				GCC_WARN_UNINITIALIZED_AUTOS = YES_AGGRESSIVE;
				GCC_WARN_UNUSED_FUNCTION = YES;
				GCC_WARN_UNUSED_VARIABLE = YES;
				IPHONEOS_DEPLOYMENT_TARGET = 16.2;
				MTL_ENABLE_DEBUG_INFO = INCLUDE_SOURCE;
				MTL_FAST_MATH = YES;
				ONLY_ACTIVE_ARCH = YES;
				SDKROOT = iphoneos;
				SWIFT_ACTIVE_COMPILATION_CONDITIONS = DEBUG;
				SWIFT_OPTIMIZATION_LEVEL = "-Onone";
			};
			name = Debug;
		};
		88B236482A03DB2F003ADCFE /* Release */ = {
			isa = XCBuildConfiguration;
			buildSettings = {
				ALWAYS_SEARCH_USER_PATHS = NO;
				CLANG_ANALYZER_NONNULL = YES;
				CLANG_ANALYZER_NUMBER_OBJECT_CONVERSION = YES_AGGRESSIVE;
				CLANG_CXX_LANGUAGE_STANDARD = "gnu++20";
				CLANG_ENABLE_MODULES = YES;
				CLANG_ENABLE_OBJC_ARC = YES;
				CLANG_ENABLE_OBJC_WEAK = YES;
				CLANG_WARN_BLOCK_CAPTURE_AUTORELEASING = YES;
				CLANG_WARN_BOOL_CONVERSION = YES;
				CLANG_WARN_COMMA = YES;
				CLANG_WARN_CONSTANT_CONVERSION = YES;
				CLANG_WARN_DEPRECATED_OBJC_IMPLEMENTATIONS = YES;
				CLANG_WARN_DIRECT_OBJC_ISA_USAGE = YES_ERROR;
				CLANG_WARN_DOCUMENTATION_COMMENTS = YES;
				CLANG_WARN_EMPTY_BODY = YES;
				CLANG_WARN_ENUM_CONVERSION = YES;
				CLANG_WARN_INFINITE_RECURSION = YES;
				CLANG_WARN_INT_CONVERSION = YES;
				CLANG_WARN_NON_LITERAL_NULL_CONVERSION = YES;
				CLANG_WARN_OBJC_IMPLICIT_RETAIN_SELF = YES;
				CLANG_WARN_OBJC_LITERAL_CONVERSION = YES;
				CLANG_WARN_OBJC_ROOT_CLASS = YES_ERROR;
				CLANG_WARN_QUOTED_INCLUDE_IN_FRAMEWORK_HEADER = YES;
				CLANG_WARN_RANGE_LOOP_ANALYSIS = YES;
				CLANG_WARN_STRICT_PROTOTYPES = YES;
				CLANG_WARN_SUSPICIOUS_MOVE = YES;
				CLANG_WARN_UNGUARDED_AVAILABILITY = YES_AGGRESSIVE;
				CLANG_WARN_UNREACHABLE_CODE = YES;
				CLANG_WARN__DUPLICATE_METHOD_MATCH = YES;
				COPY_PHASE_STRIP = NO;
				DEBUG_INFORMATION_FORMAT = "dwarf-with-dsym";
				ENABLE_NS_ASSERTIONS = NO;
				ENABLE_STRICT_OBJC_MSGSEND = YES;
				GCC_C_LANGUAGE_STANDARD = gnu11;
				GCC_NO_COMMON_BLOCKS = YES;
				GCC_WARN_64_TO_32_BIT_CONVERSION = YES;
				GCC_WARN_ABOUT_RETURN_TYPE = YES_ERROR;
				GCC_WARN_UNDECLARED_SELECTOR = YES;
				GCC_WARN_UNINITIALIZED_AUTOS = YES_AGGRESSIVE;
				GCC_WARN_UNUSED_FUNCTION = YES;
				GCC_WARN_UNUSED_VARIABLE = YES;
				IPHONEOS_DEPLOYMENT_TARGET = 16.2;
				MTL_ENABLE_DEBUG_INFO = NO;
				MTL_FAST_MATH = YES;
				SDKROOT = iphoneos;
				SWIFT_COMPILATION_MODE = wholemodule;
				SWIFT_OPTIMIZATION_LEVEL = "-O";
				VALIDATE_PRODUCT = YES;
			};
			name = Release;
		};
		88B2364A2A03DB2F003ADCFE /* Debug */ = {
			isa = XCBuildConfiguration;
			buildSettings = {
				ASSETCATALOG_COMPILER_APPICON_NAME = AppIcon;
				ASSETCATALOG_COMPILER_GLOBAL_ACCENT_COLOR_NAME = AccentColor;
				CODE_SIGN_STYLE = Automatic;
				CURRENT_PROJECT_VERSION = 1;
				DEVELOPMENT_ASSET_PATHS = "\"ToDoList/Preview Content\"";
				DEVELOPMENT_TEAM = 56U6P9HNQ5;
				ENABLE_PREVIEWS = YES;
				GENERATE_INFOPLIST_FILE = YES;
				INFOPLIST_KEY_CFBundleDisplayName = "To Do List";
				INFOPLIST_KEY_UIApplicationSceneManifest_Generation = YES;
				INFOPLIST_KEY_UIApplicationSupportsIndirectInputEvents = YES;
				INFOPLIST_KEY_UILaunchScreen_Generation = YES;
				INFOPLIST_KEY_UISupportedInterfaceOrientations = UIInterfaceOrientationPortrait;
				IPHONEOS_DEPLOYMENT_TARGET = 15.6;
				LD_RUNPATH_SEARCH_PATHS = (
					"$(inherited)",
					"@executable_path/Frameworks",
				);
				MARKETING_VERSION = 1.0;
				PRODUCT_BUNDLE_IDENTIFIER = mithfor.ToDoList;
				PRODUCT_NAME = "$(TARGET_NAME)";
				SWIFT_EMIT_LOC_STRINGS = YES;
				SWIFT_VERSION = 5.0;
				TARGETED_DEVICE_FAMILY = "1,2";
			};
			name = Debug;
		};
		88B2364B2A03DB2F003ADCFE /* Release */ = {
			isa = XCBuildConfiguration;
			buildSettings = {
				ASSETCATALOG_COMPILER_APPICON_NAME = AppIcon;
				ASSETCATALOG_COMPILER_GLOBAL_ACCENT_COLOR_NAME = AccentColor;
				CODE_SIGN_STYLE = Automatic;
				CURRENT_PROJECT_VERSION = 1;
				DEVELOPMENT_ASSET_PATHS = "\"ToDoList/Preview Content\"";
				DEVELOPMENT_TEAM = 56U6P9HNQ5;
				ENABLE_PREVIEWS = YES;
				GENERATE_INFOPLIST_FILE = YES;
				INFOPLIST_KEY_CFBundleDisplayName = "To Do List";
				INFOPLIST_KEY_UIApplicationSceneManifest_Generation = YES;
				INFOPLIST_KEY_UIApplicationSupportsIndirectInputEvents = YES;
				INFOPLIST_KEY_UILaunchScreen_Generation = YES;
				INFOPLIST_KEY_UISupportedInterfaceOrientations = UIInterfaceOrientationPortrait;
				IPHONEOS_DEPLOYMENT_TARGET = 15.6;
				LD_RUNPATH_SEARCH_PATHS = (
					"$(inherited)",
					"@executable_path/Frameworks",
				);
				MARKETING_VERSION = 1.0;
				PRODUCT_BUNDLE_IDENTIFIER = mithfor.ToDoList;
				PRODUCT_NAME = "$(TARGET_NAME)";
				SWIFT_EMIT_LOC_STRINGS = YES;
				SWIFT_VERSION = 5.0;
				TARGETED_DEVICE_FAMILY = "1,2";
			};
			name = Release;
		};
		88B2364D2A03DB2F003ADCFE /* Debug */ = {
			isa = XCBuildConfiguration;
			buildSettings = {
				ALWAYS_EMBED_SWIFT_STANDARD_LIBRARIES = YES;
				BUNDLE_LOADER = "$(TEST_HOST)";
				CODE_SIGN_STYLE = Automatic;
				CURRENT_PROJECT_VERSION = 1;
				DEVELOPMENT_TEAM = 56U6P9HNQ5;
				GENERATE_INFOPLIST_FILE = YES;
				IPHONEOS_DEPLOYMENT_TARGET = 15.6;
				MARKETING_VERSION = 1.0;
				PRODUCT_BUNDLE_IDENTIFIER = mithfor.ToDoListTests;
				PRODUCT_NAME = "$(TARGET_NAME)";
				SWIFT_EMIT_LOC_STRINGS = NO;
				SWIFT_VERSION = 5.0;
				TARGETED_DEVICE_FAMILY = "1,2";
				TEST_HOST = "$(BUILT_PRODUCTS_DIR)/ToDoList.app/$(BUNDLE_EXECUTABLE_FOLDER_PATH)/ToDoList";
			};
			name = Debug;
		};
		88B2364E2A03DB2F003ADCFE /* Release */ = {
			isa = XCBuildConfiguration;
			buildSettings = {
				ALWAYS_EMBED_SWIFT_STANDARD_LIBRARIES = YES;
				BUNDLE_LOADER = "$(TEST_HOST)";
				CODE_SIGN_STYLE = Automatic;
				CURRENT_PROJECT_VERSION = 1;
				DEVELOPMENT_TEAM = 56U6P9HNQ5;
				GENERATE_INFOPLIST_FILE = YES;
				IPHONEOS_DEPLOYMENT_TARGET = 15.6;
				MARKETING_VERSION = 1.0;
				PRODUCT_BUNDLE_IDENTIFIER = mithfor.ToDoListTests;
				PRODUCT_NAME = "$(TARGET_NAME)";
				SWIFT_EMIT_LOC_STRINGS = NO;
				SWIFT_VERSION = 5.0;
				TARGETED_DEVICE_FAMILY = "1,2";
				TEST_HOST = "$(BUILT_PRODUCTS_DIR)/ToDoList.app/$(BUNDLE_EXECUTABLE_FOLDER_PATH)/ToDoList";
			};
			name = Release;
		};
		88B236502A03DB2F003ADCFE /* Debug */ = {
			isa = XCBuildConfiguration;
			buildSettings = {
				ALWAYS_EMBED_SWIFT_STANDARD_LIBRARIES = YES;
				CODE_SIGN_STYLE = Automatic;
				CURRENT_PROJECT_VERSION = 1;
				DEVELOPMENT_TEAM = 56U6P9HNQ5;
				GENERATE_INFOPLIST_FILE = YES;
				IPHONEOS_DEPLOYMENT_TARGET = 15.6;
				MARKETING_VERSION = 1.0;
				PRODUCT_BUNDLE_IDENTIFIER = mithfor.ToDoListUITests;
				PRODUCT_NAME = "$(TARGET_NAME)";
				SWIFT_EMIT_LOC_STRINGS = NO;
				SWIFT_VERSION = 5.0;
				TARGETED_DEVICE_FAMILY = "1,2";
				TEST_TARGET_NAME = ToDoList;
			};
			name = Debug;
		};
		88B236512A03DB2F003ADCFE /* Release */ = {
			isa = XCBuildConfiguration;
			buildSettings = {
				ALWAYS_EMBED_SWIFT_STANDARD_LIBRARIES = YES;
				CODE_SIGN_STYLE = Automatic;
				CURRENT_PROJECT_VERSION = 1;
				DEVELOPMENT_TEAM = 56U6P9HNQ5;
				GENERATE_INFOPLIST_FILE = YES;
				IPHONEOS_DEPLOYMENT_TARGET = 15.6;
				MARKETING_VERSION = 1.0;
				PRODUCT_BUNDLE_IDENTIFIER = mithfor.ToDoListUITests;
				PRODUCT_NAME = "$(TARGET_NAME)";
				SWIFT_EMIT_LOC_STRINGS = NO;
				SWIFT_VERSION = 5.0;
				TARGETED_DEVICE_FAMILY = "1,2";
				TEST_TARGET_NAME = ToDoList;
			};
			name = Release;
		};
/* End XCBuildConfiguration section */

/* Begin XCConfigurationList section */
		88B236202A03DB2C003ADCFE /* Build configuration list for PBXProject "ToDoList" */ = {
			isa = XCConfigurationList;
			buildConfigurations = (
				88B236472A03DB2F003ADCFE /* Debug */,
				88B236482A03DB2F003ADCFE /* Release */,
			);
			defaultConfigurationIsVisible = 0;
			defaultConfigurationName = Release;
		};
		88B236492A03DB2F003ADCFE /* Build configuration list for PBXNativeTarget "ToDoList" */ = {
			isa = XCConfigurationList;
			buildConfigurations = (
				88B2364A2A03DB2F003ADCFE /* Debug */,
				88B2364B2A03DB2F003ADCFE /* Release */,
			);
			defaultConfigurationIsVisible = 0;
			defaultConfigurationName = Release;
		};
		88B2364C2A03DB2F003ADCFE /* Build configuration list for PBXNativeTarget "ToDoListTests" */ = {
			isa = XCConfigurationList;
			buildConfigurations = (
				88B2364D2A03DB2F003ADCFE /* Debug */,
				88B2364E2A03DB2F003ADCFE /* Release */,
			);
			defaultConfigurationIsVisible = 0;
			defaultConfigurationName = Release;
		};
		88B2364F2A03DB2F003ADCFE /* Build configuration list for PBXNativeTarget "ToDoListUITests" */ = {
			isa = XCConfigurationList;
			buildConfigurations = (
				88B236502A03DB2F003ADCFE /* Debug */,
				88B236512A03DB2F003ADCFE /* Release */,
			);
			defaultConfigurationIsVisible = 0;
			defaultConfigurationName = Release;
		};
/* End XCConfigurationList section */

/* Begin XCRemoteSwiftPackageReference section */
		88500DA62A04D0E000F311BD /* XCRemoteSwiftPackageReference "firebase-ios-sdk" */ = {
			isa = XCRemoteSwiftPackageReference;
			repositoryURL = "https://github.com/firebase/firebase-ios-sdk";
			requirement = {
				kind = upToNextMajorVersion;
				minimumVersion = 9.0.0;
			};
		};
/* End XCRemoteSwiftPackageReference section */

/* Begin XCSwiftPackageProductDependency section */
		88500DA72A04D0E000F311BD /* FirebaseAuth */ = {
			isa = XCSwiftPackageProductDependency;
			package = 88500DA62A04D0E000F311BD /* XCRemoteSwiftPackageReference "firebase-ios-sdk" */;
			productName = FirebaseAuth;
		};
		88500DA92A04D0E000F311BD /* FirebaseFirestore */ = {
			isa = XCSwiftPackageProductDependency;
			package = 88500DA62A04D0E000F311BD /* XCRemoteSwiftPackageReference "firebase-ios-sdk" */;
			productName = FirebaseFirestore;
		};
		88500DAB2A04D0E000F311BD /* FirebaseFirestoreSwift */ = {
			isa = XCSwiftPackageProductDependency;
			package = 88500DA62A04D0E000F311BD /* XCRemoteSwiftPackageReference "firebase-ios-sdk" */;
			productName = FirebaseFirestoreSwift;
		};
		88BB50FE2A0791880086969E /* FirebaseAuth */ = {
			isa = XCSwiftPackageProductDependency;
			package = 88500DA62A04D0E000F311BD /* XCRemoteSwiftPackageReference "firebase-ios-sdk" */;
			productName = FirebaseAuth;
		};
		88BB51002A0791880086969E /* FirebaseFirestore */ = {
			isa = XCSwiftPackageProductDependency;
			package = 88500DA62A04D0E000F311BD /* XCRemoteSwiftPackageReference "firebase-ios-sdk" */;
			productName = FirebaseFirestore;
		};
		88BB51022A0791880086969E /* FirebaseFirestoreSwift */ = {
			isa = XCSwiftPackageProductDependency;
			package = 88500DA62A04D0E000F311BD /* XCRemoteSwiftPackageReference "firebase-ios-sdk" */;
			productName = FirebaseFirestoreSwift;
		};
		88FBFCE92A0BC38600735A3F /* FirebaseAuth */ = {
			isa = XCSwiftPackageProductDependency;
			package = 88500DA62A04D0E000F311BD /* XCRemoteSwiftPackageReference "firebase-ios-sdk" */;
			productName = FirebaseAuth;
		};
		88FBFCEB2A0BC38600735A3F /* FirebaseFirestore */ = {
			isa = XCSwiftPackageProductDependency;
			package = 88500DA62A04D0E000F311BD /* XCRemoteSwiftPackageReference "firebase-ios-sdk" */;
			productName = FirebaseFirestore;
		};
		88FBFCED2A0BC38600735A3F /* FirebaseFirestoreSwift */ = {
			isa = XCSwiftPackageProductDependency;
			package = 88500DA62A04D0E000F311BD /* XCRemoteSwiftPackageReference "firebase-ios-sdk" */;
			productName = FirebaseFirestoreSwift;
		};
/* End XCSwiftPackageProductDependency section */
	};
	rootObject = 88B2361D2A03DB2C003ADCFE /* Project object */;
}
